
Microsoft Visual Studio Solution File, Format Version 12.00
# Visual Studio Version 17
VisualStudioVersion = 17.8.34316.72
MinimumVisualStudioVersion = 10.0.40219.1
Project("{FAE04EC0-301F-11D3-BF4B-00C04F79EFBC}") = "AskerOtomasyonu", "AskerOtomasyonu\AskerOtomasyonu.csproj", "{7A76AB7F-2474-4094-924F-7911F6A3508D}"
EndProject
Global
	GlobalSection(SolutionConfigurationPlatforms) = preSolution
		Debug|Any CPU = Debug|Any CPU
		Release|Any CPU = Release|Any CPU
	EndGlobalSection
	GlobalSection(ProjectConfigurationPlatforms) = postSolution
		{7A76AB7F-2474-4094-924F-7911F6A3508D}.Debug|Any CPU.ActiveCfg = Debug|Any CPU
		{7A76AB7F-2474-4094-924F-7911F6A3508D}.Debug|Any CPU.Build.0 = Debug|Any CPU
		{7A76AB7F-2474-4094-924F-7911F6A3508D}.Release|Any CPU.ActiveCfg = Release|Any CPU
		{7A76AB7F-2474-4094-924F-7911F6A3508D}.Release|Any CPU.Build.0 = Release|Any CPU
	EndGlobalSection
	GlobalSection(SolutionProperties) = preSolution
		HideSolutionNode = FALSE
	EndGlobalSection
	GlobalSection(ExtensibilityGlobals) = postSolution
		SolutionGuid = {B324A04B-1404-4339-B452-854ABCE278D4}
	EndGlobalSection
EndGlobal
